
Microsoft Visual Studio Solution File, Format Version 12.00
# Visual Studio Version 17
VisualStudioVersion = 17.8.34330.188
MinimumVisualStudioVersion = 10.0.40219.1
Project("{FAE04EC0-301F-11D3-BF4B-00C04F79EFBC}") = "TangyWeb_Server", "TangyWeb_Server\TangyWeb_Server.csproj", "{6F1D3B1A-AFEA-4947-8D98-6E7678CDD904}"
EndProject
Global
	GlobalSection(SolutionConfigurationPlatforms) = preSolution
		Debug|Any CPU = Debug|Any CPU
		Release|Any CPU = Release|Any CPU
	EndGlobalSection
	GlobalSection(ProjectConfigurationPlatforms) = postSolution
		{6F1D3B1A-AFEA-4947-8D98-6E7678CDD904}.Debug|Any CPU.ActiveCfg = Debug|Any CPU
		{6F1D3B1A-AFEA-4947-8D98-6E7678CDD904}.Debug|Any CPU.Build.0 = Debug|Any CPU
		{6F1D3B1A-AFEA-4947-8D98-6E7678CDD904}.Release|Any CPU.ActiveCfg = Release|Any CPU
		{6F1D3B1A-AFEA-4947-8D98-6E7678CDD904}.Release|Any CPU.Build.0 = Release|Any CPU
	EndGlobalSection
	GlobalSection(SolutionProperties) = preSolution
		HideSolutionNode = FALSE
	EndGlobalSection
	GlobalSection(ExtensibilityGlobals) = postSolution
		SolutionGuid = {AFABE989-6129-4101-960B-C7EED4CF9731}
	EndGlobalSection
EndGlobal
